# novo.lock — auto-generated by novo pkg, do not edit

[color-nv]
source = "registry"
url = "https://registry.novo-lang.org"
req = "^0.0.1"
version = "0.0.1"
hash = "4ce79b7326161164055faeb5c8abec5e1fccb898409318b66c753e3f312e3f8b"

[geometry-nv]
source = "registry"
url = "https://registry.novo-lang.org"
req = "^0.0.1"
version = "0.0.1"
hash = "f674c9e5465b7347bb70f5b40b44e84e61a97b5ed8075b7dbbc28eb91e5f0744"
